// !$*UTF8*$!
{
	archiveVersion = 1;
	classes = {
	};
	objectVersion = 46;
	objects = {

/* Begin PBXBuildFile section */
		E003B378174FB03D002644A7 /* UIKit.framework in Frameworks */ = {isa = PBXBuildFile; fileRef = E003B377174FB03D002644A7 /* UIKit.framework */; };
		E003B37A174FB03D002644A7 /* Foundation.framework in Frameworks */ = {isa = PBXBuildFile; fileRef = E003B379174FB03D002644A7 /* Foundation.framework */; };
		E003B37C174FB03D002644A7 /* CoreGraphics.framework in Frameworks */ = {isa = PBXBuildFile; fileRef = E003B37B174FB03D002644A7 /* CoreGraphics.framework */; };
		E003B382174FB03D002644A7 /* InfoPlist.strings in Resources */ = {isa = PBXBuildFile; fileRef = E003B380174FB03D002644A7 /* InfoPlist.strings */; };
		E003B384174FB03D002644A7 /* main.m in Sources */ = {isa = PBXBuildFile; fileRef = E003B383174FB03D002644A7 /* main.m */; };
		E003B388174FB03D002644A7 /* AppDelegate.m in Sources */ = {isa = PBXBuildFile; fileRef = E003B387174FB03D002644A7 /* AppDelegate.m */; };
		E003B38A174FB03D002644A7 /* Default.png in Resources */ = {isa = PBXBuildFile; fileRef = E003B389174FB03D002644A7 /* Default.png */; };
		E003B38C174FB03D002644A7 /* Default@2x.png in Resources */ = {isa = PBXBuildFile; fileRef = E003B38B174FB03D002644A7 /* Default@2x.png */; };
		E003B38E174FB03D002644A7 /* Default-568h@2x.png in Resources */ = {isa = PBXBuildFile; fileRef = E003B38D174FB03D002644A7 /* Default-568h@2x.png */; };
		E003B39A174FB172002644A7 /* UINavigationController+PPTopMostController.m in Sources */ = {isa = PBXBuildFile; fileRef = E003B399174FB172002644A7 /* UINavigationController+PPTopMostController.m */; };
		E003B3A5174FB1D1002644A7 /* UITabBarController+PPTopMostController.m in Sources */ = {isa = PBXBuildFile; fileRef = E003B3A2174FB1D1002644A7 /* UITabBarController+PPTopMostController.m */; };
		E003B3A6174FB1D1002644A7 /* UIViewController+PPTopMostController.m in Sources */ = {isa = PBXBuildFile; fileRef = E003B3A4174FB1D1002644A7 /* UIViewController+PPTopMostController.m */; };
		E003B3AA174FB463002644A7 /* MainViewController.m in Sources */ = {isa = PBXBuildFile; fileRef = E003B3A8174FB463002644A7 /* MainViewController.m */; };
		E003B3AB174FB463002644A7 /* MainViewController.xib in Resources */ = {isa = PBXBuildFile; fileRef = E003B3A9174FB463002644A7 /* MainViewController.xib */; };
		E003B3AE174FB8EC002644A7 /* NotificationView.m in Sources */ = {isa = PBXBuildFile; fileRef = E003B3AD174FB8EC002644A7 /* NotificationView.m */; };
		E003B3B2174FC491002644A7 /* PPRevealSideViewController.m in Sources */ = {isa = PBXBuildFile; fileRef = E003B3B1174FC491002644A7 /* PPRevealSideViewController.m */; };
		E003B3B7174FC4C3002644A7 /* PPRevealSideViewController+PPTopMostController.m in Sources */ = {isa = PBXBuildFile; fileRef = E003B3B6174FC4C2002644A7 /* PPRevealSideViewController+PPTopMostController.m */; };
/* End PBXBuildFile section */

/* Begin PBXFileReference section */
		E003B374174FB03D002644A7 /* PPTopMostController.app */ = {isa = PBXFileReference; explicitFileType = wrapper.application; includeInIndex = 0; path = PPTopMostController.app; sourceTree = BUILT_PRODUCTS_DIR; };
		E003B377174FB03D002644A7 /* UIKit.framework */ = {isa = PBXFileReference; lastKnownFileType = wrapper.framework; name = UIKit.framework; path = System/Library/Frameworks/UIKit.framework; sourceTree = SDKROOT; };
		E003B379174FB03D002644A7 /* Foundation.framework */ = {isa = PBXFileReference; lastKnownFileType = wrapper.framework; name = Foundation.framework; path = System/Library/Frameworks/Foundation.framework; sourceTree = SDKROOT; };
		E003B37B174FB03D002644A7 /* CoreGraphics.framework */ = {isa = PBXFileReference; lastKnownFileType = wrapper.framework; name = CoreGraphics.framework; path = System/Library/Frameworks/CoreGraphics.framework; sourceTree = SDKROOT; };
		E003B37F174FB03D002644A7 /* PPTopMostController-Info.plist */ = {isa = PBXFileReference; lastKnownFileType = text.plist.xml; path = "PPTopMostController-Info.plist"; sourceTree = "<group>"; };
		E003B381174FB03D002644A7 /* en */ = {isa = PBXFileReference; lastKnownFileType = text.plist.strings; name = en; path = en.lproj/InfoPlist.strings; sourceTree = "<group>"; };
		E003B383174FB03D002644A7 /* main.m */ = {isa = PBXFileReference; lastKnownFileType = sourcecode.c.objc; path = main.m; sourceTree = "<group>"; };
		E003B385174FB03D002644A7 /* PPTopMostController-Prefix.pch */ = {isa = PBXFileReference; lastKnownFileType = sourcecode.c.h; path = "PPTopMostController-Prefix.pch"; sourceTree = "<group>"; };
		E003B386174FB03D002644A7 /* AppDelegate.h */ = {isa = PBXFileReference; lastKnownFileType = sourcecode.c.h; path = AppDelegate.h; sourceTree = "<group>"; };
		E003B387174FB03D002644A7 /* AppDelegate.m */ = {isa = PBXFileReference; lastKnownFileType = sourcecode.c.objc; path = AppDelegate.m; sourceTree = "<group>"; };
		E003B389174FB03D002644A7 /* Default.png */ = {isa = PBXFileReference; lastKnownFileType = image.png; path = Default.png; sourceTree = "<group>"; };
		E003B38B174FB03D002644A7 /* Default@2x.png */ = {isa = PBXFileReference; lastKnownFileType = image.png; path = "Default@2x.png"; sourceTree = "<group>"; };
		E003B38D174FB03D002644A7 /* Default-568h@2x.png */ = {isa = PBXFileReference; lastKnownFileType = image.png; path = "Default-568h@2x.png"; sourceTree = "<group>"; };
		E003B397174FB120002644A7 /* PPTopMostControllerProtocol.h */ = {isa = PBXFileReference; fileEncoding = 4; lastKnownFileType = sourcecode.c.h; name = PPTopMostControllerProtocol.h; path = "../../PPTopMostController-Files/PPTopMostControllerProtocol.h"; sourceTree = "<group>"; };
		E003B398174FB172002644A7 /* UINavigationController+PPTopMostController.h */ = {isa = PBXFileReference; fileEncoding = 4; lastKnownFileType = sourcecode.c.h; name = "UINavigationController+PPTopMostController.h"; path = "../../PPTopMostController-Files/UINavigationController+PPTopMostController.h"; sourceTree = "<group>"; };
		E003B399174FB172002644A7 /* UINavigationController+PPTopMostController.m */ = {isa = PBXFileReference; fileEncoding = 4; lastKnownFileType = sourcecode.c.objc; name = "UINavigationController+PPTopMostController.m"; path = "../../PPTopMostController-Files/UINavigationController+PPTopMostController.m"; sourceTree = "<group>"; };
		E003B3A1174FB1D1002644A7 /* UITabBarController+PPTopMostController.h */ = {isa = PBXFileReference; fileEncoding = 4; lastKnownFileType = sourcecode.c.h; name = "UITabBarController+PPTopMostController.h"; path = "../../PPTopMostController-Files/UITabBarController+PPTopMostController.h"; sourceTree = "<group>"; };
		E003B3A2174FB1D1002644A7 /* UITabBarController+PPTopMostController.m */ = {isa = PBXFileReference; fileEncoding = 4; lastKnownFileType = sourcecode.c.objc; name = "UITabBarController+PPTopMostController.m"; path = "../../PPTopMostController-Files/UITabBarController+PPTopMostController.m"; sourceTree = "<group>"; };
		E003B3A3174FB1D1002644A7 /* UIViewController+PPTopMostController.h */ = {isa = PBXFileReference; fileEncoding = 4; lastKnownFileType = sourcecode.c.h; name = "UIViewController+PPTopMostController.h"; path = "../../PPTopMostController-Files/UIViewController+PPTopMostController.h"; sourceTree = "<group>"; };
		E003B3A4174FB1D1002644A7 /* UIViewController+PPTopMostController.m */ = {isa = PBXFileReference; fileEncoding = 4; lastKnownFileType = sourcecode.c.objc; name = "UIViewController+PPTopMostController.m"; path = "../../PPTopMostController-Files/UIViewController+PPTopMostController.m"; sourceTree = "<group>"; };
		E003B3A7174FB463002644A7 /* MainViewController.h */ = {isa = PBXFileReference; fileEncoding = 4; lastKnownFileType = sourcecode.c.h; path = MainViewController.h; sourceTree = "<group>"; };
		E003B3A8174FB463002644A7 /* MainViewController.m */ = {isa = PBXFileReference; fileEncoding = 4; lastKnownFileType = sourcecode.c.objc; path = MainViewController.m; sourceTree = "<group>"; };
		E003B3A9174FB463002644A7 /* MainViewController.xib */ = {isa = PBXFileReference; fileEncoding = 4; lastKnownFileType = file.xib; path = MainViewController.xib; sourceTree = "<group>"; };
		E003B3AC174FB8EB002644A7 /* NotificationView.h */ = {isa = PBXFileReference; fileEncoding = 4; lastKnownFileType = sourcecode.c.h; path = NotificationView.h; sourceTree = "<group>"; };
		E003B3AD174FB8EC002644A7 /* NotificationView.m */ = {isa = PBXFileReference; fileEncoding = 4; lastKnownFileType = sourcecode.c.objc; path = NotificationView.m; sourceTree = "<group>"; };
		E003B3B0174FC490002644A7 /* PPRevealSideViewController.h */ = {isa = PBXFileReference; fileEncoding = 4; lastKnownFileType = sourcecode.c.h; name = PPRevealSideViewController.h; path = vendor/PPRevealSideViewController/PPRevealSideViewController/PPRevealSideviewController/PPRevealSideViewController.h; sourceTree = SOURCE_ROOT; };
		E003B3B1174FC491002644A7 /* PPRevealSideViewController.m */ = {isa = PBXFileReference; fileEncoding = 4; lastKnownFileType = sourcecode.c.objc; name = PPRevealSideViewController.m; path = vendor/PPRevealSideViewController/PPRevealSideViewController/PPRevealSideviewController/PPRevealSideViewController.m; sourceTree = SOURCE_ROOT; };
		E003B3B5174FC4C2002644A7 /* PPRevealSideViewController+PPTopMostController.h */ = {isa = PBXFileReference; fileEncoding = 4; lastKnownFileType = sourcecode.c.h; path = "PPRevealSideViewController+PPTopMostController.h"; sourceTree = "<group>"; };
		E003B3B6174FC4C2002644A7 /* PPRevealSideViewController+PPTopMostController.m */ = {isa = PBXFileReference; fileEncoding = 4; lastKnownFileType = sourcecode.c.objc; path = "PPRevealSideViewController+PPTopMostController.m"; sourceTree = "<group>"; };
/* End PBXFileReference section */

/* Begin PBXFrameworksBuildPhase section */
		E003B371174FB03D002644A7 /* Frameworks */ = {
			isa = PBXFrameworksBuildPhase;
			buildActionMask = 2147483647;
			files = (
				E003B378174FB03D002644A7 /* UIKit.framework in Frameworks */,
				E003B37A174FB03D002644A7 /* Foundation.framework in Frameworks */,
				E003B37C174FB03D002644A7 /* CoreGraphics.framework in Frameworks */,
			);
			runOnlyForDeploymentPostprocessing = 0;
		};
/* End PBXFrameworksBuildPhase section */

/* Begin PBXGroup section */
		E003B36B174FB03D002644A7 = {
			isa = PBXGroup;
			children = (
				E003B37D174FB03D002644A7 /* PPTopMostController */,
				E003B376174FB03D002644A7 /* Frameworks */,
				E003B375174FB03D002644A7 /* Products */,
			);
			sourceTree = "<group>";
		};
		E003B375174FB03D002644A7 /* Products */ = {
			isa = PBXGroup;
			children = (
				E003B374174FB03D002644A7 /* PPTopMostController.app */,
			);
			name = Products;
			sourceTree = "<group>";
		};
		E003B376174FB03D002644A7 /* Frameworks */ = {
			isa = PBXGroup;
			children = (
				E003B377174FB03D002644A7 /* UIKit.framework */,
				E003B379174FB03D002644A7 /* Foundation.framework */,
				E003B37B174FB03D002644A7 /* CoreGraphics.framework */,
			);
			name = Frameworks;
			sourceTree = "<group>";
		};
		E003B37D174FB03D002644A7 /* PPTopMostController */ = {
			isa = PBXGroup;
			children = (
				E003B386174FB03D002644A7 /* AppDelegate.h */,
				E003B387174FB03D002644A7 /* AppDelegate.m */,
				E003B3A7174FB463002644A7 /* MainViewController.h */,
				E003B3A8174FB463002644A7 /* MainViewController.m */,
				E003B3A9174FB463002644A7 /* MainViewController.xib */,
				E003B3AC174FB8EB002644A7 /* NotificationView.h */,
				E003B3AD174FB8EC002644A7 /* NotificationView.m */,
				E003B3B5174FC4C2002644A7 /* PPRevealSideViewController+PPTopMostController.h */,
				E003B3B6174FC4C2002644A7 /* PPRevealSideViewController+PPTopMostController.m */,
				E003B3B3174FC499002644A7 /* Vendor */,
				E003B396174FB0EE002644A7 /* PPTopMostController */,
				E003B37E174FB03D002644A7 /* Supporting Files */,
			);
			path = PPTopMostController;
			sourceTree = "<group>";
		};
		E003B37E174FB03D002644A7 /* Supporting Files */ = {
			isa = PBXGroup;
			children = (
				E003B37F174FB03D002644A7 /* PPTopMostController-Info.plist */,
				E003B380174FB03D002644A7 /* InfoPlist.strings */,
				E003B383174FB03D002644A7 /* main.m */,
				E003B385174FB03D002644A7 /* PPTopMostController-Prefix.pch */,
				E003B389174FB03D002644A7 /* Default.png */,
				E003B38B174FB03D002644A7 /* Default@2x.png */,
				E003B38D174FB03D002644A7 /* Default-568h@2x.png */,
			);
			name = "Supporting Files";
			sourceTree = "<group>";
		};
		E003B396174FB0EE002644A7 /* PPTopMostController */ = {
			isa = PBXGroup;
			children = (
				E003B397174FB120002644A7 /* PPTopMostControllerProtocol.h */,
				E003B398174FB172002644A7 /* UINavigationController+PPTopMostController.h */,
				E003B399174FB172002644A7 /* UINavigationController+PPTopMostController.m */,
				E003B3A1174FB1D1002644A7 /* UITabBarController+PPTopMostController.h */,
				E003B3A2174FB1D1002644A7 /* UITabBarController+PPTopMostController.m */,
				E003B3A3174FB1D1002644A7 /* UIViewController+PPTopMostController.h */,
				E003B3A4174FB1D1002644A7 /* UIViewController+PPTopMostController.m */,
			);
			name = PPTopMostController;
			sourceTree = "<group>";
		};
		E003B3B3174FC499002644A7 /* Vendor */ = {
			isa = PBXGroup;
			children = (
				E003B3B4174FC4A8002644A7 /* PPRevealSideViewController */,
			);
			name = Vendor;
			sourceTree = "<group>";
		};
		E003B3B4174FC4A8002644A7 /* PPRevealSideViewController */ = {
			isa = PBXGroup;
			children = (
				E003B3B0174FC490002644A7 /* PPRevealSideViewController.h */,
				E003B3B1174FC491002644A7 /* PPRevealSideViewController.m */,
			);
			name = PPRevealSideViewController;
			sourceTree = "<group>";
		};
/* End PBXGroup section */

/* Begin PBXNativeTarget section */
		E003B373174FB03D002644A7 /* PPTopMostController */ = {
			isa = PBXNativeTarget;
			buildConfigurationList = E003B391174FB03D002644A7 /* Build configuration list for PBXNativeTarget "PPTopMostController" */;
			buildPhases = (
				E003B370174FB03D002644A7 /* Sources */,
				E003B371174FB03D002644A7 /* Frameworks */,
				E003B372174FB03D002644A7 /* Resources */,
			);
			buildRules = (
			);
			dependencies = (
			);
			name = PPTopMostController;
			productName = PPTopMostController;
			productReference = E003B374174FB03D002644A7 /* PPTopMostController.app */;
			productType = "com.apple.product-type.application";
		};
/* End PBXNativeTarget section */

/* Begin PBXProject section */
		E003B36C174FB03D002644A7 /* Project object */ = {
			isa = PBXProject;
			attributes = {
				LastUpgradeCheck = 0460;
				ORGANIZATIONNAME = iPuP;
			};
			buildConfigurationList = E003B36F174FB03D002644A7 /* Build configuration list for PBXProject "PPTopMostController" */;
			compatibilityVersion = "Xcode 3.2";
			developmentRegion = English;
			hasScannedForEncodings = 0;
			knownRegions = (
				en,
			);
			mainGroup = E003B36B174FB03D002644A7;
			productRefGroup = E003B375174FB03D002644A7 /* Products */;
			projectDirPath = "";
			projectRoot = "";
			targets = (
				E003B373174FB03D002644A7 /* PPTopMostController */,
			);
		};
/* End PBXProject section */

/* Begin PBXResourcesBuildPhase section */
		E003B372174FB03D002644A7 /* Resources */ = {
			isa = PBXResourcesBuildPhase;
			buildActionMask = 2147483647;
			files = (
				E003B382174FB03D002644A7 /* InfoPlist.strings in Resources */,
				E003B38A174FB03D002644A7 /* Default.png in Resources */,
				E003B38C174FB03D002644A7 /* Default@2x.png in Resources */,
				E003B38E174FB03D002644A7 /* Default-568h@2x.png in Resources */,
				E003B3AB174FB463002644A7 /* MainViewController.xib in Resources */,
			);
			runOnlyForDeploymentPostprocessing = 0;
		};
/* End PBXResourcesBuildPhase section */

/* Begin PBXSourcesBuildPhase section */
		E003B370174FB03D002644A7 /* Sources */ = {
			isa = PBXSourcesBuildPhase;
			buildActionMask = 2147483647;
			files = (
				E003B384174FB03D002644A7 /* main.m in Sources */,
				E003B388174FB03D002644A7 /* AppDelegate.m in Sources */,
				E003B39A174FB172002644A7 /* UINavigationController+PPTopMostController.m in Sources */,
				E003B3A5174FB1D1002644A7 /* UITabBarController+PPTopMostController.m in Sources */,
				E003B3A6174FB1D1002644A7 /* UIViewController+PPTopMostController.m in Sources */,
				E003B3AA174FB463002644A7 /* MainViewController.m in Sources */,
				E003B3AE174FB8EC002644A7 /* NotificationView.m in Sources */,
				E003B3B2174FC491002644A7 /* PPRevealSideViewController.m in Sources */,
				E003B3B7174FC4C3002644A7 /* PPRevealSideViewController+PPTopMostController.m in Sources */,
			);
			runOnlyForDeploymentPostprocessing = 0;
		};
/* End PBXSourcesBuildPhase section */

/* Begin PBXVariantGroup section */
		E003B380174FB03D002644A7 /* InfoPlist.strings */ = {
			isa = PBXVariantGroup;
			children = (
				E003B381174FB03D002644A7 /* en */,
			);
			name = InfoPlist.strings;
			sourceTree = "<group>";
		};
/* End PBXVariantGroup section */

/* Begin XCBuildConfiguration section */
		E003B38F174FB03D002644A7 /* Debug */ = {
			isa = XCBuildConfiguration;
			buildSettings = {
				ALWAYS_SEARCH_USER_PATHS = NO;
				CLANG_CXX_LANGUAGE_STANDARD = "gnu++0x";
				CLANG_CXX_LIBRARY = "libc++";
				CLANG_ENABLE_OBJC_ARC = YES;
				CLANG_WARN_CONSTANT_CONVERSION = YES;
				CLANG_WARN_EMPTY_BODY = YES;
				CLANG_WARN_ENUM_CONVERSION = YES;
				CLANG_WARN_INT_CONVERSION = YES;
				CLANG_WARN__DUPLICATE_METHOD_MATCH = YES;
				"CODE_SIGN_IDENTITY[sdk=iphoneos*]" = "iPhone Developer";
				COPY_PHASE_STRIP = NO;
				GCC_C_LANGUAGE_STANDARD = gnu99;
				GCC_DYNAMIC_NO_PIC = NO;
				GCC_OPTIMIZATION_LEVEL = 0;
				GCC_PREPROCESSOR_DEFINITIONS = (
					"DEBUG=1",
					"$(inherited)",
				);
				GCC_SYMBOLS_PRIVATE_EXTERN = NO;
				GCC_WARN_ABOUT_RETURN_TYPE = YES;
				GCC_WARN_UNINITIALIZED_AUTOS = YES;
				GCC_WARN_UNUSED_VARIABLE = YES;
				IPHONEOS_DEPLOYMENT_TARGET = 6.1;
				ONLY_ACTIVE_ARCH = YES;
				SDKROOT = iphoneos;
				TARGETED_DEVICE_FAMILY = "1,2";
			};
			name = Debug;
		};
		E003B390174FB03D002644A7 /* Release */ = {
			isa = XCBuildConfiguration;
			buildSettings = {
				ALWAYS_SEARCH_USER_PATHS = NO;
				CLANG_CXX_LANGUAGE_STANDARD = "gnu++0x";
				CLANG_CXX_LIBRARY = "libc++";
				CLANG_ENABLE_OBJC_ARC = YES;
				CLANG_WARN_CONSTANT_CONVERSION = YES;
				CLANG_WARN_EMPTY_BODY = YES;
				CLANG_WARN_ENUM_CONVERSION = YES;
				CLANG_WARN_INT_CONVERSION = YES;
				CLANG_WARN__DUPLICATE_METHOD_MATCH = YES;
				"CODE_SIGN_IDENTITY[sdk=iphoneos*]" = "iPhone Developer";
				COPY_PHASE_STRIP = YES;
				GCC_C_LANGUAGE_STANDARD = gnu99;
				GCC_WARN_ABOUT_RETURN_TYPE = YES;
				GCC_WARN_UNINITIALIZED_AUTOS = YES;
				GCC_WARN_UNUSED_VARIABLE = YES;
				IPHONEOS_DEPLOYMENT_TARGET = 6.1;
				OTHER_CFLAGS = "-DNS_BLOCK_ASSERTIONS=1";
				SDKROOT = iphoneos;
				TARGETED_DEVICE_FAMILY = "1,2";
				VALIDATE_PRODUCT = YES;
			};
			name = Release;
		};
		E003B392174FB03D002644A7 /* Debug */ = {
			isa = XCBuildConfiguration;
			buildSettings = {
				GCC_PRECOMPILE_PREFIX_HEADER = YES;
				GCC_PREFIX_HEADER = "PPTopMostController/PPTopMostController-Prefix.pch";
				INFOPLIST_FILE = "PPTopMostController/PPTopMostController-Info.plist";
				PRODUCT_NAME = "$(TARGET_NAME)";
				WRAPPER_EXTENSION = app;
			};
			name = Debug;
		};
		E003B393174FB03D002644A7 /* Release */ = {
			isa = XCBuildConfiguration;
			buildSettings = {
				GCC_PRECOMPILE_PREFIX_HEADER = YES;
				GCC_PREFIX_HEADER = "PPTopMostController/PPTopMostController-Prefix.pch";
				INFOPLIST_FILE = "PPTopMostController/PPTopMostController-Info.plist";
				PRODUCT_NAME = "$(TARGET_NAME)";
				WRAPPER_EXTENSION = app;
			};
			name = Release;
		};
/* End XCBuildConfiguration section */

/* Begin XCConfigurationList section */
		E003B36F174FB03D002644A7 /* Build configuration list for PBXProject "PPTopMostController" */ = {
			isa = XCConfigurationList;
			buildConfigurations = (
				E003B38F174FB03D002644A7 /* Debug */,
				E003B390174FB03D002644A7 /* Release */,
			);
			defaultConfigurationIsVisible = 0;
			defaultConfigurationName = Release;
		};
		E003B391174FB03D002644A7 /* Build configuration list for PBXNativeTarget "PPTopMostController" */ = {
			isa = XCConfigurationList;
			buildConfigurations = (
				E003B392174FB03D002644A7 /* Debug */,
				E003B393174FB03D002644A7 /* Release */,
			);
			defaultConfigurationIsVisible = 0;
			defaultConfigurationName = Release;
		};
/* End XCConfigurationList section */
	};
	rootObject = E003B36C174FB03D002644A7 /* Project object */;
}
